
Microsoft Visual Studio Solution File, Format Version 12.00
# Visual Studio Version 16
VisualStudioVersion = 16.0.32802.440
MinimumVisualStudioVersion = 10.0.40219.1
Project("{9A19103F-16F7-4668-BE54-9A1E7A4F7556}") = "BookStore", "BookStore\BookStore.csproj", "{C362C30F-B2AB-4837-8F03-BB5B8DF52F88}"
EndProject
Global
	GlobalSection(SolutionConfigurationPlatforms) = preSolution
		Debug|Any CPU = Debug|Any CPU
		Release|Any CPU = Release|Any CPU
	EndGlobalSection
	GlobalSection(ProjectConfigurationPlatforms) = postSolution
		{C362C30F-B2AB-4837-8F03-BB5B8DF52F88}.Debug|Any CPU.ActiveCfg = Debug|Any CPU
		{C362C30F-B2AB-4837-8F03-BB5B8DF52F88}.Debug|Any CPU.Build.0 = Debug|Any CPU
		{C362C30F-B2AB-4837-8F03-BB5B8DF52F88}.Release|Any CPU.ActiveCfg = Release|Any CPU
		{C362C30F-B2AB-4837-8F03-BB5B8DF52F88}.Release|Any CPU.Build.0 = Release|Any CPU
	EndGlobalSection
	GlobalSection(SolutionProperties) = preSolution
		HideSolutionNode = FALSE
	EndGlobalSection
	GlobalSection(ExtensibilityGlobals) = postSolution
		SolutionGuid = {3D7E986C-DF61-4BE6-90A1-48C035B6981A}
	EndGlobalSection
EndGlobal
